// !$*UTF8*$!
{
	archiveVersion = 1;
	classes = {
	};
	objectVersion = 56;
	objects = {

/* Begin PBXBuildFile section */
		0472B8C22AE8497900992D78 /* CollectionViewController.swift in Sources */ = {isa = PBXBuildFile; fileRef = 0472B8C12AE8497900992D78 /* CollectionViewController.swift */; };
		047678B42BBA0E3C00E8CC1B /* Alamofire in Frameworks */ = {isa = PBXBuildFile; productRef = 047678B32BBA0E3C00E8CC1B /* Alamofire */; };
		0492B0872AD99A2200FCF487 /* AppDelegate.swift in Sources */ = {isa = PBXBuildFile; fileRef = 0492B0862AD99A2200FCF487 /* AppDelegate.swift */; };
		0492B0892AD99A2200FCF487 /* SceneDelegate.swift in Sources */ = {isa = PBXBuildFile; fileRef = 0492B0882AD99A2200FCF487 /* SceneDelegate.swift */; };
		0492B08B2AD99A2200FCF487 /* ViewController.swift in Sources */ = {isa = PBXBuildFile; fileRef = 0492B08A2AD99A2200FCF487 /* ViewController.swift */; };
		0492B08E2AD99A2200FCF487 /* Main.storyboard in Resources */ = {isa = PBXBuildFile; fileRef = 0492B08C2AD99A2200FCF487 /* Main.storyboard */; };
		0492B0902AD99A2400FCF487 /* Assets.xcassets in Resources */ = {isa = PBXBuildFile; fileRef = 0492B08F2AD99A2400FCF487 /* Assets.xcassets */; };
		0492B0932AD99A2400FCF487 /* LaunchScreen.storyboard in Resources */ = {isa = PBXBuildFile; fileRef = 0492B0912AD99A2400FCF487 /* LaunchScreen.storyboard */; };
		0493C07C2AE3EAAF00BD5427 /* NetworkingManager.swift in Sources */ = {isa = PBXBuildFile; fileRef = 0493C07B2AE3EAAF00BD5427 /* NetworkingManager.swift */; };
		049ED65E2ADC67A600DE4A4B /* Character.swift in Sources */ = {isa = PBXBuildFile; fileRef = 049ED65D2ADC67A600DE4A4B /* Character.swift */; };
		049ED6602ADD607500DE4A4B /* Helpers.swift in Sources */ = {isa = PBXBuildFile; fileRef = 049ED65F2ADD607500DE4A4B /* Helpers.swift */; };
		04C8DB132AE9AFB5002E6A76 /* CollectionViewCell.swift in Sources */ = {isa = PBXBuildFile; fileRef = 04C8DB122AE9AFB5002E6A76 /* CollectionViewCell.swift */; };
/* End PBXBuildFile section */

/* Begin PBXFileReference section */
		0472B8C12AE8497900992D78 /* CollectionViewController.swift */ = {isa = PBXFileReference; lastKnownFileType = sourcecode.swift; path = CollectionViewController.swift; sourceTree = "<group>"; };
		0492B0832AD99A2200FCF487 /* ChineseCharacters.app */ = {isa = PBXFileReference; explicitFileType = wrapper.application; includeInIndex = 0; path = ChineseCharacters.app; sourceTree = BUILT_PRODUCTS_DIR; };
		0492B0862AD99A2200FCF487 /* AppDelegate.swift */ = {isa = PBXFileReference; lastKnownFileType = sourcecode.swift; path = AppDelegate.swift; sourceTree = "<group>"; };
		0492B0882AD99A2200FCF487 /* SceneDelegate.swift */ = {isa = PBXFileReference; lastKnownFileType = sourcecode.swift; path = SceneDelegate.swift; sourceTree = "<group>"; };
		0492B08A2AD99A2200FCF487 /* ViewController.swift */ = {isa = PBXFileReference; lastKnownFileType = sourcecode.swift; path = ViewController.swift; sourceTree = "<group>"; };
		0492B08D2AD99A2200FCF487 /* Base */ = {isa = PBXFileReference; lastKnownFileType = file.storyboard; name = Base; path = Base.lproj/Main.storyboard; sourceTree = "<group>"; };
		0492B08F2AD99A2400FCF487 /* Assets.xcassets */ = {isa = PBXFileReference; lastKnownFileType = folder.assetcatalog; path = Assets.xcassets; sourceTree = "<group>"; };
		0492B0922AD99A2400FCF487 /* Base */ = {isa = PBXFileReference; lastKnownFileType = file.storyboard; name = Base; path = Base.lproj/LaunchScreen.storyboard; sourceTree = "<group>"; };
		0492B0942AD99A2400FCF487 /* Info.plist */ = {isa = PBXFileReference; lastKnownFileType = text.plist.xml; path = Info.plist; sourceTree = "<group>"; };
		0493C07B2AE3EAAF00BD5427 /* NetworkingManager.swift */ = {isa = PBXFileReference; lastKnownFileType = sourcecode.swift; path = NetworkingManager.swift; sourceTree = "<group>"; };
		049ED65D2ADC67A600DE4A4B /* Character.swift */ = {isa = PBXFileReference; lastKnownFileType = sourcecode.swift; path = Character.swift; sourceTree = "<group>"; };
		049ED65F2ADD607500DE4A4B /* Helpers.swift */ = {isa = PBXFileReference; lastKnownFileType = sourcecode.swift; path = Helpers.swift; sourceTree = "<group>"; };
		04C8DB122AE9AFB5002E6A76 /* CollectionViewCell.swift */ = {isa = PBXFileReference; lastKnownFileType = sourcecode.swift; path = CollectionViewCell.swift; sourceTree = "<group>"; };
/* End PBXFileReference section */

/* Begin PBXFrameworksBuildPhase section */
		0492B0802AD99A2200FCF487 /* Frameworks */ = {
			isa = PBXFrameworksBuildPhase;
			buildActionMask = 2147483647;
			files = (
				047678B42BBA0E3C00E8CC1B /* Alamofire in Frameworks */,
			);
			runOnlyForDeploymentPostprocessing = 0;
		};
/* End PBXFrameworksBuildPhase section */

/* Begin PBXGroup section */
		0492B07A2AD99A2200FCF487 = {
			isa = PBXGroup;
			children = (
				0492B0852AD99A2200FCF487 /* ChineseCharacters */,
				0492B0842AD99A2200FCF487 /* Products */,
			);
			sourceTree = "<group>";
		};
		0492B0842AD99A2200FCF487 /* Products */ = {
			isa = PBXGroup;
			children = (
				0492B0832AD99A2200FCF487 /* ChineseCharacters.app */,
			);
			name = Products;
			sourceTree = "<group>";
		};
		0492B0852AD99A2200FCF487 /* ChineseCharacters */ = {
			isa = PBXGroup;
			children = (
				0492B0862AD99A2200FCF487 /* AppDelegate.swift */,
				0492B0882AD99A2200FCF487 /* SceneDelegate.swift */,
				049ED65F2ADD607500DE4A4B /* Helpers.swift */,
				0493C07B2AE3EAAF00BD5427 /* NetworkingManager.swift */,
				0492B08A2AD99A2200FCF487 /* ViewController.swift */,
				0472B8C12AE8497900992D78 /* CollectionViewController.swift */,
				04C8DB122AE9AFB5002E6A76 /* CollectionViewCell.swift */,
				049ED65D2ADC67A600DE4A4B /* Character.swift */,
				0492B08C2AD99A2200FCF487 /* Main.storyboard */,
				0492B08F2AD99A2400FCF487 /* Assets.xcassets */,
				0492B0912AD99A2400FCF487 /* LaunchScreen.storyboard */,
				0492B0942AD99A2400FCF487 /* Info.plist */,
			);
			path = ChineseCharacters;
			sourceTree = "<group>";
		};
/* End PBXGroup section */

/* Begin PBXNativeTarget section */
		0492B0822AD99A2200FCF487 /* ChineseCharacters */ = {
			isa = PBXNativeTarget;
			buildConfigurationList = 0492B0972AD99A2400FCF487 /* Build configuration list for PBXNativeTarget "ChineseCharacters" */;
			buildPhases = (
				0492B07F2AD99A2200FCF487 /* Sources */,
				0492B0802AD99A2200FCF487 /* Frameworks */,
				0492B0812AD99A2200FCF487 /* Resources */,
			);
			buildRules = (
			);
			dependencies = (
			);
			name = ChineseCharacters;
			packageProductDependencies = (
				047678B32BBA0E3C00E8CC1B /* Alamofire */,
			);
			productName = ChineseCharacters;
			productReference = 0492B0832AD99A2200FCF487 /* ChineseCharacters.app */;
			productType = "com.apple.product-type.application";
		};
/* End PBXNativeTarget section */

/* Begin PBXProject section */
		0492B07B2AD99A2200FCF487 /* Project object */ = {
			isa = PBXProject;
			attributes = {
				BuildIndependentTargetsInParallel = 1;
				LastSwiftUpdateCheck = 1430;
				LastUpgradeCheck = 1430;
				TargetAttributes = {
					0492B0822AD99A2200FCF487 = {
						CreatedOnToolsVersion = 14.3.1;
					};
				};
			};
			buildConfigurationList = 0492B07E2AD99A2200FCF487 /* Build configuration list for PBXProject "ChineseCharacters" */;
			compatibilityVersion = "Xcode 14.0";
			developmentRegion = en;
			hasScannedForEncodings = 0;
			knownRegions = (
				en,
				Base,
			);
			mainGroup = 0492B07A2AD99A2200FCF487;
			packageReferences = (
				047678B22BBA0E3C00E8CC1B /* XCRemoteSwiftPackageReference "Alamofire" */,
			);
			productRefGroup = 0492B0842AD99A2200FCF487 /* Products */;
			projectDirPath = "";
			projectRoot = "";
			targets = (
				0492B0822AD99A2200FCF487 /* ChineseCharacters */,
			);
		};
/* End PBXProject section */

/* Begin PBXResourcesBuildPhase section */
		0492B0812AD99A2200FCF487 /* Resources */ = {
			isa = PBXResourcesBuildPhase;
			buildActionMask = 2147483647;
			files = (
				0492B0932AD99A2400FCF487 /* LaunchScreen.storyboard in Resources */,
				0492B0902AD99A2400FCF487 /* Assets.xcassets in Resources */,
				0492B08E2AD99A2200FCF487 /* Main.storyboard in Resources */,
			);
			runOnlyForDeploymentPostprocessing = 0;
		};
/* End PBXResourcesBuildPhase section */

/* Begin PBXSourcesBuildPhase section */
		0492B07F2AD99A2200FCF487 /* Sources */ = {
			isa = PBXSourcesBuildPhase;
			buildActionMask = 2147483647;
			files = (
				0492B08B2AD99A2200FCF487 /* ViewController.swift in Sources */,
				0492B0872AD99A2200FCF487 /* AppDelegate.swift in Sources */,
				04C8DB132AE9AFB5002E6A76 /* CollectionViewCell.swift in Sources */,
				0492B0892AD99A2200FCF487 /* SceneDelegate.swift in Sources */,
				0493C07C2AE3EAAF00BD5427 /* NetworkingManager.swift in Sources */,
				0472B8C22AE8497900992D78 /* CollectionViewController.swift in Sources */,
				049ED6602ADD607500DE4A4B /* Helpers.swift in Sources */,
				049ED65E2ADC67A600DE4A4B /* Character.swift in Sources */,
			);
			runOnlyForDeploymentPostprocessing = 0;
		};
/* End PBXSourcesBuildPhase section */

/* Begin PBXVariantGroup section */
		0492B08C2AD99A2200FCF487 /* Main.storyboard */ = {
			isa = PBXVariantGroup;
			children = (
				0492B08D2AD99A2200FCF487 /* Base */,
			);
			name = Main.storyboard;
			sourceTree = "<group>";
		};
		0492B0912AD99A2400FCF487 /* LaunchScreen.storyboard */ = {
			isa = PBXVariantGroup;
			children = (
				0492B0922AD99A2400FCF487 /* Base */,
			);
			name = LaunchScreen.storyboard;
			sourceTree = "<group>";
		};
/* End PBXVariantGroup section */

/* Begin XCBuildConfiguration section */
		0492B0952AD99A2400FCF487 /* Debug */ = {
			isa = XCBuildConfiguration;
			buildSettings = {
				ALWAYS_SEARCH_USER_PATHS = NO;
				CLANG_ANALYZER_NONNULL = YES;
				CLANG_ANALYZER_NUMBER_OBJECT_CONVERSION = YES_AGGRESSIVE;
				CLANG_CXX_LANGUAGE_STANDARD = "gnu++20";
				CLANG_ENABLE_MODULES = YES;
				CLANG_ENABLE_OBJC_ARC = YES;
				CLANG_ENABLE_OBJC_WEAK = YES;
				CLANG_WARN_BLOCK_CAPTURE_AUTORELEASING = YES;
				CLANG_WARN_BOOL_CONVERSION = YES;
				CLANG_WARN_COMMA = YES;
				CLANG_WARN_CONSTANT_CONVERSION = YES;
				CLANG_WARN_DEPRECATED_OBJC_IMPLEMENTATIONS = YES;
				CLANG_WARN_DIRECT_OBJC_ISA_USAGE = YES_ERROR;
				CLANG_WARN_DOCUMENTATION_COMMENTS = YES;
				CLANG_WARN_EMPTY_BODY = YES;
				CLANG_WARN_ENUM_CONVERSION = YES;
				CLANG_WARN_INFINITE_RECURSION = YES;
				CLANG_WARN_INT_CONVERSION = YES;
				CLANG_WARN_NON_LITERAL_NULL_CONVERSION = YES;
				CLANG_WARN_OBJC_IMPLICIT_RETAIN_SELF = YES;
				CLANG_WARN_OBJC_LITERAL_CONVERSION = YES;
				CLANG_WARN_OBJC_ROOT_CLASS = YES_ERROR;
				CLANG_WARN_QUOTED_INCLUDE_IN_FRAMEWORK_HEADER = YES;
				CLANG_WARN_RANGE_LOOP_ANALYSIS = YES;
				CLANG_WARN_STRICT_PROTOTYPES = YES;
				CLANG_WARN_SUSPICIOUS_MOVE = YES;
				CLANG_WARN_UNGUARDED_AVAILABILITY = YES_AGGRESSIVE;
				CLANG_WARN_UNREACHABLE_CODE = YES;
				CLANG_WARN__DUPLICATE_METHOD_MATCH = YES;
				COPY_PHASE_STRIP = NO;
				DEBUG_INFORMATION_FORMAT = dwarf;
				ENABLE_STRICT_OBJC_MSGSEND = YES;
				ENABLE_TESTABILITY = YES;
				GCC_C_LANGUAGE_STANDARD = gnu11;
				GCC_DYNAMIC_NO_PIC = NO;
				GCC_NO_COMMON_BLOCKS = YES;
				GCC_OPTIMIZATION_LEVEL = 0;
				GCC_PREPROCESSOR_DEFINITIONS = (
					"DEBUG=1",
					"$(inherited)",
				);
				GCC_WARN_64_TO_32_BIT_CONVERSION = YES;
				GCC_WARN_ABOUT_RETURN_TYPE = YES_ERROR;
				GCC_WARN_UNDECLARED_SELECTOR = YES;
				GCC_WARN_UNINITIALIZED_AUTOS = YES_AGGRESSIVE;
				GCC_WARN_UNUSED_FUNCTION = YES;
				GCC_WARN_UNUSED_VARIABLE = YES;
				IPHONEOS_DEPLOYMENT_TARGET = 16.4;
				MTL_ENABLE_DEBUG_INFO = INCLUDE_SOURCE;
				MTL_FAST_MATH = YES;
				ONLY_ACTIVE_ARCH = YES;
				SDKROOT = iphoneos;
				SWIFT_ACTIVE_COMPILATION_CONDITIONS = DEBUG;
				SWIFT_OPTIMIZATION_LEVEL = "-Onone";
			};
			name = Debug;
		};
		0492B0962AD99A2400FCF487 /* Release */ = {
			isa = XCBuildConfiguration;
			buildSettings = {
				ALWAYS_SEARCH_USER_PATHS = NO;
				CLANG_ANALYZER_NONNULL = YES;
				CLANG_ANALYZER_NUMBER_OBJECT_CONVERSION = YES_AGGRESSIVE;
				CLANG_CXX_LANGUAGE_STANDARD = "gnu++20";
				CLANG_ENABLE_MODULES = YES;
				CLANG_ENABLE_OBJC_ARC = YES;
				CLANG_ENABLE_OBJC_WEAK = YES;
				CLANG_WARN_BLOCK_CAPTURE_AUTORELEASING = YES;
				CLANG_WARN_BOOL_CONVERSION = YES;
				CLANG_WARN_COMMA = YES;
				CLANG_WARN_CONSTANT_CONVERSION = YES;
				CLANG_WARN_DEPRECATED_OBJC_IMPLEMENTATIONS = YES;
				CLANG_WARN_DIRECT_OBJC_ISA_USAGE = YES_ERROR;
				CLANG_WARN_DOCUMENTATION_COMMENTS = YES;
				CLANG_WARN_EMPTY_BODY = YES;
				CLANG_WARN_ENUM_CONVERSION = YES;
				CLANG_WARN_INFINITE_RECURSION = YES;
				CLANG_WARN_INT_CONVERSION = YES;
				CLANG_WARN_NON_LITERAL_NULL_CONVERSION = YES;
				CLANG_WARN_OBJC_IMPLICIT_RETAIN_SELF = YES;
				CLANG_WARN_OBJC_LITERAL_CONVERSION = YES;
				CLANG_WARN_OBJC_ROOT_CLASS = YES_ERROR;
				CLANG_WARN_QUOTED_INCLUDE_IN_FRAMEWORK_HEADER = YES;
				CLANG_WARN_RANGE_LOOP_ANALYSIS = YES;
				CLANG_WARN_STRICT_PROTOTYPES = YES;
				CLANG_WARN_SUSPICIOUS_MOVE = YES;
				CLANG_WARN_UNGUARDED_AVAILABILITY = YES_AGGRESSIVE;
				CLANG_WARN_UNREACHABLE_CODE = YES;
				CLANG_WARN__DUPLICATE_METHOD_MATCH = YES;
				COPY_PHASE_STRIP = NO;
				DEBUG_INFORMATION_FORMAT = "dwarf-with-dsym";
				ENABLE_NS_ASSERTIONS = NO;
				ENABLE_STRICT_OBJC_MSGSEND = YES;
				GCC_C_LANGUAGE_STANDARD = gnu11;
				GCC_NO_COMMON_BLOCKS = YES;
				GCC_WARN_64_TO_32_BIT_CONVERSION = YES;
				GCC_WARN_ABOUT_RETURN_TYPE = YES_ERROR;
				GCC_WARN_UNDECLARED_SELECTOR = YES;
				GCC_WARN_UNINITIALIZED_AUTOS = YES_AGGRESSIVE;
				GCC_WARN_UNUSED_FUNCTION = YES;
				GCC_WARN_UNUSED_VARIABLE = YES;
				IPHONEOS_DEPLOYMENT_TARGET = 16.4;
				MTL_ENABLE_DEBUG_INFO = NO;
				MTL_FAST_MATH = YES;
				SDKROOT = iphoneos;
				SWIFT_COMPILATION_MODE = wholemodule;
				SWIFT_OPTIMIZATION_LEVEL = "-O";
				VALIDATE_PRODUCT = YES;
			};
			name = Release;
		};
		0492B0982AD99A2400FCF487 /* Debug */ = {
			isa = XCBuildConfiguration;
			buildSettings = {
				ASSETCATALOG_COMPILER_APPICON_NAME = AppIcon;
				ASSETCATALOG_COMPILER_GLOBAL_ACCENT_COLOR_NAME = AccentColor;
				CODE_SIGN_STYLE = Automatic;
				CURRENT_PROJECT_VERSION = 1;
				DEVELOPMENT_TEAM = 8YA5L65S6V;
				GENERATE_INFOPLIST_FILE = YES;
				INFOPLIST_FILE = ChineseCharacters/Info.plist;
				INFOPLIST_KEY_UIApplicationSupportsIndirectInputEvents = YES;
				INFOPLIST_KEY_UILaunchStoryboardName = LaunchScreen;
				INFOPLIST_KEY_UIMainStoryboardFile = Main;
				INFOPLIST_KEY_UISupportedInterfaceOrientations_iPad = "UIInterfaceOrientationPortrait UIInterfaceOrientationPortraitUpsideDown UIInterfaceOrientationLandscapeLeft UIInterfaceOrientationLandscapeRight";
				INFOPLIST_KEY_UISupportedInterfaceOrientations_iPhone = "UIInterfaceOrientationPortrait UIInterfaceOrientationLandscapeLeft UIInterfaceOrientationLandscapeRight";
				LD_RUNPATH_SEARCH_PATHS = (
					"$(inherited)",
					"@executable_path/Frameworks",
				);
				MARKETING_VERSION = 1.0;
				PRODUCT_BUNDLE_IDENTIFIER = AlexRoma.ChineseCharacters;
				PRODUCT_NAME = "$(TARGET_NAME)";
				SWIFT_EMIT_LOC_STRINGS = YES;
				SWIFT_VERSION = 5.0;
				TARGETED_DEVICE_FAMILY = "1,2";
			};
			name = Debug;
		};
		0492B0992AD99A2400FCF487 /* Release */ = {
			isa = XCBuildConfiguration;
			buildSettings = {
				ASSETCATALOG_COMPILER_APPICON_NAME = AppIcon;
				ASSETCATALOG_COMPILER_GLOBAL_ACCENT_COLOR_NAME = AccentColor;
				CODE_SIGN_STYLE = Automatic;
				CURRENT_PROJECT_VERSION = 1;
				DEVELOPMENT_TEAM = 8YA5L65S6V;
				GENERATE_INFOPLIST_FILE = YES;
				INFOPLIST_FILE = ChineseCharacters/Info.plist;
				INFOPLIST_KEY_UIApplicationSupportsIndirectInputEvents = YES;
				INFOPLIST_KEY_UILaunchStoryboardName = LaunchScreen;
				INFOPLIST_KEY_UIMainStoryboardFile = Main;
				INFOPLIST_KEY_UISupportedInterfaceOrientations_iPad = "UIInterfaceOrientationPortrait UIInterfaceOrientationPortraitUpsideDown UIInterfaceOrientationLandscapeLeft UIInterfaceOrientationLandscapeRight";
				INFOPLIST_KEY_UISupportedInterfaceOrientations_iPhone = "UIInterfaceOrientationPortrait UIInterfaceOrientationLandscapeLeft UIInterfaceOrientationLandscapeRight";
				LD_RUNPATH_SEARCH_PATHS = (
					"$(inherited)",
					"@executable_path/Frameworks",
				);
				MARKETING_VERSION = 1.0;
				PRODUCT_BUNDLE_IDENTIFIER = AlexRoma.ChineseCharacters;
				PRODUCT_NAME = "$(TARGET_NAME)";
				SWIFT_EMIT_LOC_STRINGS = YES;
				SWIFT_VERSION = 5.0;
				TARGETED_DEVICE_FAMILY = "1,2";
			};
			name = Release;
		};
/* End XCBuildConfiguration section */

/* Begin XCConfigurationList section */
		0492B07E2AD99A2200FCF487 /* Build configuration list for PBXProject "ChineseCharacters" */ = {
			isa = XCConfigurationList;
			buildConfigurations = (
				0492B0952AD99A2400FCF487 /* Debug */,
				0492B0962AD99A2400FCF487 /* Release */,
			);
			defaultConfigurationIsVisible = 0;
			defaultConfigurationName = Release;
		};
		0492B0972AD99A2400FCF487 /* Build configuration list for PBXNativeTarget "ChineseCharacters" */ = {
			isa = XCConfigurationList;
			buildConfigurations = (
				0492B0982AD99A2400FCF487 /* Debug */,
				0492B0992AD99A2400FCF487 /* Release */,
			);
			defaultConfigurationIsVisible = 0;
			defaultConfigurationName = Release;
		};
/* End XCConfigurationList section */

/* Begin XCRemoteSwiftPackageReference section */
		047678B22BBA0E3C00E8CC1B /* XCRemoteSwiftPackageReference "Alamofire" */ = {
			isa = XCRemoteSwiftPackageReference;
			repositoryURL = "https://github.com/Alamofire/Alamofire.git";
			requirement = {
				kind = upToNextMajorVersion;
				minimumVersion = 5.0.0;
			};
		};
/* End XCRemoteSwiftPackageReference section */

/* Begin XCSwiftPackageProductDependency section */
		047678B32BBA0E3C00E8CC1B /* Alamofire */ = {
			isa = XCSwiftPackageProductDependency;
			package = 047678B22BBA0E3C00E8CC1B /* XCRemoteSwiftPackageReference "Alamofire" */;
			productName = Alamofire;
		};
/* End XCSwiftPackageProductDependency section */
	};
	rootObject = 0492B07B2AD99A2200FCF487 /* Project object */;
}
